
Microsoft Visual Studio Solution File, Format Version 12.00
# Visual Studio Version 17
VisualStudioVersion = 17.10.35027.167
MinimumVisualStudioVersion = 10.0.40219.1
Project("{9A19103F-16F7-4668-BE54-9A1E7A4F7556}") = "Variables", "Variables\Variables.csproj", "{4C571A28-1E5A-4782-BDEE-837AD66FA7B0}"
EndProject
Project("{FAE04EC0-301F-11D3-BF4B-00C04F79EFBC}") = "Intercambio", "Intercambio\Intercambio.csproj", "{C5CDB9CD-5623-4241-9421-D5520897D4C2}"
EndProject
Project("{FAE04EC0-301F-11D3-BF4B-00C04F79EFBC}") = "Bucle", "Bucle\Bucle.csproj", "{A8478733-E17C-4E45-8A4F-497333DC5C79}"
EndProject
Project("{FAE04EC0-301F-11D3-BF4B-00C04F79EFBC}") = "For", "For\For.csproj", "{D36EA187-841E-4239-B799-E133D4E43141}"
EndProject
Global
	GlobalSection(SolutionConfigurationPlatforms) = preSolution
		Debug|Any CPU = Debug|Any CPU
		Release|Any CPU = Release|Any CPU
	EndGlobalSection
	GlobalSection(ProjectConfigurationPlatforms) = postSolution
		{4C571A28-1E5A-4782-BDEE-837AD66FA7B0}.Debug|Any CPU.ActiveCfg = Debug|Any CPU
		{4C571A28-1E5A-4782-BDEE-837AD66FA7B0}.Debug|Any CPU.Build.0 = Debug|Any CPU
		{4C571A28-1E5A-4782-BDEE-837AD66FA7B0}.Release|Any CPU.ActiveCfg = Release|Any CPU
		{4C571A28-1E5A-4782-BDEE-837AD66FA7B0}.Release|Any CPU.Build.0 = Release|Any CPU
		{C5CDB9CD-5623-4241-9421-D5520897D4C2}.Debug|Any CPU.ActiveCfg = Debug|Any CPU
		{C5CDB9CD-5623-4241-9421-D5520897D4C2}.Debug|Any CPU.Build.0 = Debug|Any CPU
		{C5CDB9CD-5623-4241-9421-D5520897D4C2}.Release|Any CPU.ActiveCfg = Release|Any CPU
		{C5CDB9CD-5623-4241-9421-D5520897D4C2}.Release|Any CPU.Build.0 = Release|Any CPU
		{A8478733-E17C-4E45-8A4F-497333DC5C79}.Debug|Any CPU.ActiveCfg = Debug|Any CPU
		{A8478733-E17C-4E45-8A4F-497333DC5C79}.Debug|Any CPU.Build.0 = Debug|Any CPU
		{A8478733-E17C-4E45-8A4F-497333DC5C79}.Release|Any CPU.ActiveCfg = Release|Any CPU
		{A8478733-E17C-4E45-8A4F-497333DC5C79}.Release|Any CPU.Build.0 = Release|Any CPU
		{D36EA187-841E-4239-B799-E133D4E43141}.Debug|Any CPU.ActiveCfg = Debug|Any CPU
		{D36EA187-841E-4239-B799-E133D4E43141}.Debug|Any CPU.Build.0 = Debug|Any CPU
		{D36EA187-841E-4239-B799-E133D4E43141}.Release|Any CPU.ActiveCfg = Release|Any CPU
		{D36EA187-841E-4239-B799-E133D4E43141}.Release|Any CPU.Build.0 = Release|Any CPU
	EndGlobalSection
	GlobalSection(SolutionProperties) = preSolution
		HideSolutionNode = FALSE
	EndGlobalSection
	GlobalSection(ExtensibilityGlobals) = postSolution
		SolutionGuid = {14AE53A5-46E6-4E98-BEAE-56638238A40B}
	EndGlobalSection
EndGlobal
