
Microsoft Visual Studio Solution File, Format Version 12.00
# Visual Studio Version 17
VisualStudioVersion = 17.10.35027.167
MinimumVisualStudioVersion = 10.0.40219.1
Project("{FAE04EC0-301F-11D3-BF4B-00C04F79EFBC}") = "API", "API\API.csproj", "{EE02E5E2-1A55-450B-92E6-5820BA95144D}"
EndProject
Global
	GlobalSection(SolutionConfigurationPlatforms) = preSolution
		Debug|Any CPU = Debug|Any CPU
		Release|Any CPU = Release|Any CPU
	EndGlobalSection
	GlobalSection(ProjectConfigurationPlatforms) = postSolution
		{EE02E5E2-1A55-450B-92E6-5820BA95144D}.Debug|Any CPU.ActiveCfg = Debug|Any CPU
		{EE02E5E2-1A55-450B-92E6-5820BA95144D}.Debug|Any CPU.Build.0 = Debug|Any CPU
		{EE02E5E2-1A55-450B-92E6-5820BA95144D}.Release|Any CPU.ActiveCfg = Release|Any CPU
		{EE02E5E2-1A55-450B-92E6-5820BA95144D}.Release|Any CPU.Build.0 = Release|Any CPU
	EndGlobalSection
	GlobalSection(SolutionProperties) = preSolution
		HideSolutionNode = FALSE
	EndGlobalSection
	GlobalSection(ExtensibilityGlobals) = postSolution
		SolutionGuid = {86B22F8E-B86F-4FAD-8CF3-CD3109EAF2AE}
	EndGlobalSection
EndGlobal
